
Microsoft Visual Studio Solution File, Format Version 12.00
# Visual Studio Version 16
VisualStudioVersion = 16.0.30611.23
MinimumVisualStudioVersion = 10.0.40219.1
Project("{8BC9CEB8-8B4A-11D0-8D11-00A0C91BC942}") = "PokerServer", "PokerServer.vcxproj", "{742F1FF4-2866-46F1-973D-846B4368432C}"
EndProject
Global
	GlobalSection(SolutionConfigurationPlatforms) = preSolution
		Debug|x64 = Debug|x64
		Debug|x86 = Debug|x86
		Release|x64 = Release|x64
		Release|x86 = Release|x86
	EndGlobalSection
	GlobalSection(ProjectConfigurationPlatforms) = postSolution
		{742F1FF4-2866-46F1-973D-846B4368432C}.Debug|x64.ActiveCfg = Debug|x64
		{742F1FF4-2866-46F1-973D-846B4368432C}.Debug|x64.Build.0 = Debug|x64
		{742F1FF4-2866-46F1-973D-846B4368432C}.Debug|x86.ActiveCfg = Debug|Win32
		{742F1FF4-2866-46F1-973D-846B4368432C}.Debug|x86.Build.0 = Debug|Win32
		{742F1FF4-2866-46F1-973D-846B4368432C}.Release|x64.ActiveCfg = Release|x64
		{742F1FF4-2866-46F1-973D-846B4368432C}.Release|x64.Build.0 = Release|x64
		{742F1FF4-2866-46F1-973D-846B4368432C}.Release|x86.ActiveCfg = Release|Win32
		{742F1FF4-2866-46F1-973D-846B4368432C}.Release|x86.Build.0 = Release|Win32
	EndGlobalSection
	GlobalSection(SolutionProperties) = preSolution
		HideSolutionNode = FALSE
	EndGlobalSection
	GlobalSection(ExtensibilityGlobals) = postSolution
		SolutionGuid = {A002B23D-AF5E-4805-89D0-ECAB394A6F5F}
	EndGlobalSection
EndGlobal
